dependencies:
  idf:
    component_hash: null
    source:
      type: idf
    version: 5.2.1
  protocol_examples_common:
    component_hash: null
    source:
      path: C:\Espressif\Espressif-idf\v5.2.1\esp-idf\examples\common_components\protocol_examples_common
      type: local
    version: '*'
manifest_hash: 825707cbf1fcf8b9f536f9b3707e7720f305d1201436e2e6c608b3e30f9346f3
target: esp32c6
version: 1.0.0
